// !$*UTF8*$!
{
	archiveVersion = 1;
	classes = {
	};
	objectVersion = 46;
	objects = {

/* Begin PBXBuildFile section */
		C3802ACD707D4B7FE0393A9F /* libPods-TravelBroUITests.a in Frameworks */ = {isa = PBXBuildFile; fileRef = DA70ECF26FBCFEDEA3ABF105 /* libPods-TravelBroUITests.a */; };
		C485F63D113BD90C6FE65871 /* Pods_TravelBro.framework in Frameworks */ = {isa = PBXBuildFile; fileRef = 6E8F4857FABC7775A5761BE0 /* Pods_TravelBro.framework */; };
		CB0BE5281CCAF248003C1E45 /* AppDelegate.swift in Sources */ = {isa = PBXBuildFile; fileRef = CB0BE5271CCAF248003C1E45 /* AppDelegate.swift */; };
		CB0BE52A1CCAF248003C1E45 /* ViewController.swift in Sources */ = {isa = PBXBuildFile; fileRef = CB0BE5291CCAF248003C1E45 /* ViewController.swift */; };
		CB0BE52D1CCAF248003C1E45 /* Main.storyboard in Resources */ = {isa = PBXBuildFile; fileRef = CB0BE52B1CCAF248003C1E45 /* Main.storyboard */; };
		CB0BE52F1CCAF248003C1E45 /* Assets.xcassets in Resources */ = {isa = PBXBuildFile; fileRef = CB0BE52E1CCAF248003C1E45 /* Assets.xcassets */; };
		CB0BE5321CCAF248003C1E45 /* LaunchScreen.storyboard in Resources */ = {isa = PBXBuildFile; fileRef = CB0BE5301CCAF248003C1E45 /* LaunchScreen.storyboard */; };
		CB0BE53D1CCAF248003C1E45 /* TravelBroTests.swift in Sources */ = {isa = PBXBuildFile; fileRef = CB0BE53C1CCAF248003C1E45 /* TravelBroTests.swift */; };
		CB0BE5481CCAF248003C1E45 /* TravelBroUITests.swift in Sources */ = {isa = PBXBuildFile; fileRef = CB0BE5471CCAF248003C1E45 /* TravelBroUITests.swift */; };
		CB32D8B51CDFFEBD007424A3 /* LocationController.swift in Sources */ = {isa = PBXBuildFile; fileRef = CB32D8B41CDFFEBD007424A3 /* LocationController.swift */; };
		CB32D8B71CE069E7007424A3 /* SearchAddController.swift in Sources */ = {isa = PBXBuildFile; fileRef = CB32D8B61CE069E7007424A3 /* SearchAddController.swift */; };
		CB32D8B91CE075F0007424A3 /* HomeViewController.swift in Sources */ = {isa = PBXBuildFile; fileRef = CB32D8B81CE075F0007424A3 /* HomeViewController.swift */; };
		CB32D8BB1CE0760D007424A3 /* SignUpController.swift in Sources */ = {isa = PBXBuildFile; fileRef = CB32D8BA1CE0760D007424A3 /* SignUpController.swift */; };
		CB32D8BD1CE07623007424A3 /* LoginController.swift in Sources */ = {isa = PBXBuildFile; fileRef = CB32D8BC1CE07623007424A3 /* LoginController.swift */; };
		CB32D8C11CE07D98007424A3 /* Firebase.framework in Frameworks */ = {isa = PBXBuildFile; fileRef = CB32D8C01CE07D98007424A3 /* Firebase.framework */; };
		CB32D8C31CE15081007424A3 /* IndividualPinDisplayController.swift in Sources */ = {isa = PBXBuildFile; fileRef = CB32D8C21CE15081007424A3 /* IndividualPinDisplayController.swift */; };
		CB32D8C51CE15AAC007424A3 /* GuideTableViewCell.swift in Sources */ = {isa = PBXBuildFile; fileRef = CB32D8C41CE15AAC007424A3 /* GuideTableViewCell.swift */; };
		CB32D8C71CE15E3A007424A3 /* TravelTableViewController.swift in Sources */ = {isa = PBXBuildFile; fileRef = CB32D8C61CE15E3A007424A3 /* TravelTableViewController.swift */; };
		CB32D8C91CE1614D007424A3 /* Guide.swift in Sources */ = {isa = PBXBuildFile; fileRef = CB32D8C81CE1614D007424A3 /* Guide.swift */; };
		CB32D8CB1CE16262007424A3 /* RatingControl.swift in Sources */ = {isa = PBXBuildFile; fileRef = CB32D8CA1CE16262007424A3 /* RatingControl.swift */; };
		CB32D8CD1CE178A7007424A3 /* VisitPlaceController.swift in Sources */ = {isa = PBXBuildFile; fileRef = CB32D8CC1CE178A7007424A3 /* VisitPlaceController.swift */; };
		CB4045291CCAFBA70015F74E /* FBSDKCoreKit.framework in Frameworks */ = {isa = PBXBuildFile; fileRef = CB4045281CCAFBA70015F74E /* FBSDKCoreKit.framework */; };
		CB40452B1CCAFBCE0015F74E /* FBSDKLoginKit.framework in Frameworks */ = {isa = PBXBuildFile; fileRef = CB40452A1CCAFBCE0015F74E /* FBSDKLoginKit.framework */; };
		CB72F2A11CDDA54100384012 /* Bolts.framework in Frameworks */ = {isa = PBXBuildFile; fileRef = CB72F2A01CDDA54100384012 /* Bolts.framework */; };
		CB75C0051CE2D073004ECE84 /* LogoutController.swift in Sources */ = {isa = PBXBuildFile; fileRef = CB75C0041CE2D073004ECE84 /* LogoutController.swift */; };
/* End PBXBuildFile section */

/* Begin PBXContainerItemProxy section */
		CB0BE5391CCAF248003C1E45 /* PBXContainerItemProxy */ = {
			isa = PBXContainerItemProxy;
			containerPortal = CB0BE51C1CCAF248003C1E45 /* Project object */;
			proxyType = 1;
			remoteGlobalIDString = CB0BE5231CCAF248003C1E45;
			remoteInfo = TravelBro;
		};
		CB0BE5441CCAF248003C1E45 /* PBXContainerItemProxy */ = {
			isa = PBXContainerItemProxy;
			containerPortal = CB0BE51C1CCAF248003C1E45 /* Project object */;
			proxyType = 1;
			remoteGlobalIDString = CB0BE5231CCAF248003C1E45;
			remoteInfo = TravelBro;
		};
/* End PBXContainerItemProxy section */

/* Begin PBXFileReference section */
		257F1736163680D4ED736E05 /* Pods-TravelBro.debug.xcconfig */ = {isa = PBXFileReference; includeInIndex = 1; lastKnownFileType = text.xcconfig; name = "Pods-TravelBro.debug.xcconfig"; path = "Pods/Target Support Files/Pods-TravelBro/Pods-TravelBro.debug.xcconfig"; sourceTree = "<group>"; };
		6E8F4857FABC7775A5761BE0 /* Pods_TravelBro.framework */ = {isa = PBXFileReference; explicitFileType = wrapper.framework; includeInIndex = 0; path = Pods_TravelBro.framework; sourceTree = BUILT_PRODUCTS_DIR; };
		77EDC9A3DB67977765374314 /* Pods-TravelBro.release.xcconfig */ = {isa = PBXFileReference; includeInIndex = 1; lastKnownFileType = text.xcconfig; name = "Pods-TravelBro.release.xcconfig"; path = "Pods/Target Support Files/Pods-TravelBro/Pods-TravelBro.release.xcconfig"; sourceTree = "<group>"; };
		8ED08E0DD93F72862DB9F522 /* Pods-TravelBroUITests.release.xcconfig */ = {isa = PBXFileReference; includeInIndex = 1; lastKnownFileType = text.xcconfig; name = "Pods-TravelBroUITests.release.xcconfig"; path = "Pods/Target Support Files/Pods-TravelBroUITests/Pods-TravelBroUITests.release.xcconfig"; sourceTree = "<group>"; };
		92B8D3EE5FC889EB9D051667 /* Pods-TravelBroUITests.debug.xcconfig */ = {isa = PBXFileReference; includeInIndex = 1; lastKnownFileType = text.xcconfig; name = "Pods-TravelBroUITests.debug.xcconfig"; path = "Pods/Target Support Files/Pods-TravelBroUITests/Pods-TravelBroUITests.debug.xcconfig"; sourceTree = "<group>"; };
		CB0BE5241CCAF248003C1E45 /* TravelBro.app */ = {isa = PBXFileReference; explicitFileType = wrapper.application; includeInIndex = 0; path = TravelBro.app; sourceTree = BUILT_PRODUCTS_DIR; };
		CB0BE5271CCAF248003C1E45 /* AppDelegate.swift */ = {isa = PBXFileReference; lastKnownFileType = sourcecode.swift; path = AppDelegate.swift; sourceTree = "<group>"; };
		CB0BE5291CCAF248003C1E45 /* ViewController.swift */ = {isa = PBXFileReference; lastKnownFileType = sourcecode.swift; path = ViewController.swift; sourceTree = "<group>"; };
		CB0BE52C1CCAF248003C1E45 /* Base */ = {isa = PBXFileReference; lastKnownFileType = file.storyboard; name = Base; path = Base.lproj/Main.storyboard; sourceTree = "<group>"; };
		CB0BE52E1CCAF248003C1E45 /* Assets.xcassets */ = {isa = PBXFileReference; lastKnownFileType = folder.assetcatalog; path = Assets.xcassets; sourceTree = "<group>"; };
		CB0BE5311CCAF248003C1E45 /* Base */ = {isa = PBXFileReference; lastKnownFileType = file.storyboard; name = Base; path = Base.lproj/LaunchScreen.storyboard; sourceTree = "<group>"; };
		CB0BE5331CCAF248003C1E45 /* Info.plist */ = {isa = PBXFileReference; lastKnownFileType = text.plist.xml; path = Info.plist; sourceTree = "<group>"; };
		CB0BE5381CCAF248003C1E45 /* TravelBroTests.xctest */ = {isa = PBXFileReference; explicitFileType = wrapper.cfbundle; includeInIndex = 0; path = TravelBroTests.xctest; sourceTree = BUILT_PRODUCTS_DIR; };
		CB0BE53C1CCAF248003C1E45 /* TravelBroTests.swift */ = {isa = PBXFileReference; lastKnownFileType = sourcecode.swift; path = TravelBroTests.swift; sourceTree = "<group>"; };
		CB0BE53E1CCAF248003C1E45 /* Info.plist */ = {isa = PBXFileReference; lastKnownFileType = text.plist.xml; path = Info.plist; sourceTree = "<group>"; };
		CB0BE5431CCAF248003C1E45 /* TravelBroUITests.xctest */ = {isa = PBXFileReference; explicitFileType = wrapper.cfbundle; includeInIndex = 0; path = TravelBroUITests.xctest; sourceTree = BUILT_PRODUCTS_DIR; };
		CB0BE5471CCAF248003C1E45 /* TravelBroUITests.swift */ = {isa = PBXFileReference; lastKnownFileType = sourcecode.swift; path = TravelBroUITests.swift; sourceTree = "<group>"; };
		CB0BE5491CCAF248003C1E45 /* Info.plist */ = {isa = PBXFileReference; lastKnownFileType = text.plist.xml; path = Info.plist; sourceTree = "<group>"; };
		CB32D8B41CDFFEBD007424A3 /* LocationController.swift */ = {isa = PBXFileReference; fileEncoding = 4; lastKnownFileType = sourcecode.swift; path = LocationController.swift; sourceTree = "<group>"; };
		CB32D8B61CE069E7007424A3 /* SearchAddController.swift */ = {isa = PBXFileReference; fileEncoding = 4; lastKnownFileType = sourcecode.swift; path = SearchAddController.swift; sourceTree = "<group>"; };
		CB32D8B81CE075F0007424A3 /* HomeViewController.swift */ = {isa = PBXFileReference; fileEncoding = 4; lastKnownFileType = sourcecode.swift; path = HomeViewController.swift; sourceTree = "<group>"; };
		CB32D8BA1CE0760D007424A3 /* SignUpController.swift */ = {isa = PBXFileReference; fileEncoding = 4; lastKnownFileType = sourcecode.swift; path = SignUpController.swift; sourceTree = "<group>"; };
		CB32D8BC1CE07623007424A3 /* LoginController.swift */ = {isa = PBXFileReference; fileEncoding = 4; lastKnownFileType = sourcecode.swift; path = LoginController.swift; sourceTree = "<group>"; };
		CB32D8BE1CE07D57007424A3 /* Firebase */ = {isa = PBXFileReference; lastKnownFileType = folder; name = Firebase; path = Pods/Firebase; sourceTree = "<group>"; };
		CB32D8C01CE07D98007424A3 /* Firebase.framework */ = {isa = PBXFileReference; lastKnownFileType = wrapper.framework; name = Firebase.framework; path = Pods/Firebase/Firebase.framework; sourceTree = "<group>"; };
		CB32D8C21CE15081007424A3 /* IndividualPinDisplayController.swift */ = {isa = PBXFileReference; fileEncoding = 4; lastKnownFileType = sourcecode.swift; path = IndividualPinDisplayController.swift; sourceTree = "<group>"; };
		CB32D8C41CE15AAC007424A3 /* GuideTableViewCell.swift */ = {isa = PBXFileReference; fileEncoding = 4; lastKnownFileType = sourcecode.swift; name = GuideTableViewCell.swift; path = ../GuideTableViewCell.swift; sourceTree = "<group>"; };
		CB32D8C61CE15E3A007424A3 /* TravelTableViewController.swift */ = {isa = PBXFileReference; fileEncoding = 4; lastKnownFileType = sourcecode.swift; path = TravelTableViewController.swift; sourceTree = "<group>"; };
		CB32D8C81CE1614D007424A3 /* Guide.swift */ = {isa = PBXFileReference; fileEncoding = 4; lastKnownFileType = sourcecode.swift; path = Guide.swift; sourceTree = "<group>"; };
		CB32D8CA1CE16262007424A3 /* RatingControl.swift */ = {isa = PBXFileReference; fileEncoding = 4; lastKnownFileType = sourcecode.swift; path = RatingControl.swift; sourceTree = "<group>"; };
		CB32D8CC1CE178A7007424A3 /* VisitPlaceController.swift */ = {isa = PBXFileReference; fileEncoding = 4; lastKnownFileType = sourcecode.swift; path = VisitPlaceController.swift; sourceTree = "<group>"; };
		CB4045281CCAFBA70015F74E /* FBSDKCoreKit.framework */ = {isa = PBXFileReference; lastKnownFileType = wrapper.framework; path = FBSDKCoreKit.framework; sourceTree = "<group>"; };
		CB40452A1CCAFBCE0015F74E /* FBSDKLoginKit.framework */ = {isa = PBXFileReference; lastKnownFileType = wrapper.framework; path = FBSDKLoginKit.framework; sourceTree = "<group>"; };
		CB40452E1CCAFCE60015F74E /* Bridging-Header.h */ = {isa = PBXFileReference; lastKnownFileType = sourcecode.c.h; path = "Bridging-Header.h"; sourceTree = "<group>"; };
		CB72F2A01CDDA54100384012 /* Bolts.framework */ = {isa = PBXFileReference; lastKnownFileType = wrapper.framework; path = Bolts.framework; sourceTree = "<group>"; };
		CB75C0041CE2D073004ECE84 /* LogoutController.swift */ = {isa = PBXFileReference; fileEncoding = 4; lastKnownFileType = sourcecode.swift; path = LogoutController.swift; sourceTree = "<group>"; };
		DA70ECF26FBCFEDEA3ABF105 /* libPods-TravelBroUITests.a */ = {isa = PBXFileReference; explicitFileType = archive.ar; includeInIndex = 0; path = "libPods-TravelBroUITests.a"; sourceTree = BUILT_PRODUCTS_DIR; };
/* End PBXFileReference section */

/* Begin PBXFrameworksBuildPhase section */
		CB0BE5211CCAF248003C1E45 /* Frameworks */ = {
			isa = PBXFrameworksBuildPhase;
			buildActionMask = 2147483647;
			files = (
				CB32D8C11CE07D98007424A3 /* Firebase.framework in Frameworks */,
				CB72F2A11CDDA54100384012 /* Bolts.framework in Frameworks */,
				CB40452B1CCAFBCE0015F74E /* FBSDKLoginKit.framework in Frameworks */,
				CB4045291CCAFBA70015F74E /* FBSDKCoreKit.framework in Frameworks */,
				C485F63D113BD90C6FE65871 /* Pods_TravelBro.framework in Frameworks */,
			);
			runOnlyForDeploymentPostprocessing = 0;
		};
		CB0BE5351CCAF248003C1E45 /* Frameworks */ = {
			isa = PBXFrameworksBuildPhase;
			buildActionMask = 2147483647;
			files = (
			);
			runOnlyForDeploymentPostprocessing = 0;
		};
		CB0BE5401CCAF248003C1E45 /* Frameworks */ = {
			isa = PBXFrameworksBuildPhase;
			buildActionMask = 2147483647;
			files = (
				C3802ACD707D4B7FE0393A9F /* libPods-TravelBroUITests.a in Frameworks */,
			);
			runOnlyForDeploymentPostprocessing = 0;
		};
/* End PBXFrameworksBuildPhase section */

/* Begin PBXGroup section */
		3EF63FF93ED9DE79A7615A6F /* Pods */ = {
			isa = PBXGroup;
			children = (
				92B8D3EE5FC889EB9D051667 /* Pods-TravelBroUITests.debug.xcconfig */,
				8ED08E0DD93F72862DB9F522 /* Pods-TravelBroUITests.release.xcconfig */,
				257F1736163680D4ED736E05 /* Pods-TravelBro.debug.xcconfig */,
				77EDC9A3DB67977765374314 /* Pods-TravelBro.release.xcconfig */,
			);
			name = Pods;
			sourceTree = "<group>";
		};
		63C5E6ECE996FAC7F7ED9E73 /* Frameworks */ = {
			isa = PBXGroup;
			children = (
				CB32D8C01CE07D98007424A3 /* Firebase.framework */,
				CB32D8BE1CE07D57007424A3 /* Firebase */,
				DA70ECF26FBCFEDEA3ABF105 /* libPods-TravelBroUITests.a */,
				6E8F4857FABC7775A5761BE0 /* Pods_TravelBro.framework */,
			);
			name = Frameworks;
			sourceTree = "<group>";
		};
		CB0BE51B1CCAF248003C1E45 = {
			isa = PBXGroup;
			children = (
				CB0BE5261CCAF248003C1E45 /* TravelBro */,
				CB0BE53B1CCAF248003C1E45 /* TravelBroTests */,
				CB0BE5461CCAF248003C1E45 /* TravelBroUITests */,
				CB0BE5251CCAF248003C1E45 /* Products */,
				3EF63FF93ED9DE79A7615A6F /* Pods */,
				63C5E6ECE996FAC7F7ED9E73 /* Frameworks */,
			);
			sourceTree = "<group>";
		};
		CB0BE5251CCAF248003C1E45 /* Products */ = {
			isa = PBXGroup;
			children = (
				CB0BE5241CCAF248003C1E45 /* TravelBro.app */,
				CB0BE5381CCAF248003C1E45 /* TravelBroTests.xctest */,
				CB0BE5431CCAF248003C1E45 /* TravelBroUITests.xctest */,
			);
			name = Products;
			sourceTree = "<group>";
		};
		CB0BE5261CCAF248003C1E45 /* TravelBro */ = {
			isa = PBXGroup;
			children = (
				CB4045271CCAFB170015F74E /* Facebook Frameworks */,
				CB0BE5301CCAF248003C1E45 /* LaunchScreen.storyboard */,
				CB0BE52B1CCAF248003C1E45 /* Main.storyboard */,
				CB0BE5271CCAF248003C1E45 /* AppDelegate.swift */,
				CB0BE5291CCAF248003C1E45 /* ViewController.swift */,
				CB32D8BC1CE07623007424A3 /* LoginController.swift */,
				CB32D8B81CE075F0007424A3 /* HomeViewController.swift */,
				CB32D8BA1CE0760D007424A3 /* SignUpController.swift */,
				CB32D8C41CE15AAC007424A3 /* GuideTableViewCell.swift */,
				CB32D8B41CDFFEBD007424A3 /* LocationController.swift */,
				CB32D8B61CE069E7007424A3 /* SearchAddController.swift */,
				CB32D8CC1CE178A7007424A3 /* VisitPlaceController.swift */,
				CB0BE52E1CCAF248003C1E45 /* Assets.xcassets */,
				CB0BE5331CCAF248003C1E45 /* Info.plist */,
				CB40452E1CCAFCE60015F74E /* Bridging-Header.h */,
				CB32D8C21CE15081007424A3 /* IndividualPinDisplayController.swift */,
				CB32D8C61CE15E3A007424A3 /* TravelTableViewController.swift */,
				CB32D8C81CE1614D007424A3 /* Guide.swift */,
				CB32D8CA1CE16262007424A3 /* RatingControl.swift */,
				CB75C0041CE2D073004ECE84 /* LogoutController.swift */,
			);
			path = TravelBro;
			sourceTree = "<group>";
		};
		CB0BE53B1CCAF248003C1E45 /* TravelBroTests */ = {
			isa = PBXGroup;
			children = (
				CB0BE53C1CCAF248003C1E45 /* TravelBroTests.swift */,
				CB0BE53E1CCAF248003C1E45 /* Info.plist */,
			);
			path = TravelBroTests;
			sourceTree = "<group>";
		};
		CB0BE5461CCAF248003C1E45 /* TravelBroUITests */ = {
			isa = PBXGroup;
			children = (
				CB0BE5471CCAF248003C1E45 /* TravelBroUITests.swift */,
				CB0BE5491CCAF248003C1E45 /* Info.plist */,
			);
			path = TravelBroUITests;
			sourceTree = "<group>";
		};
		CB4045271CCAFB170015F74E /* Facebook Frameworks */ = {
			isa = PBXGroup;
			children = (
				CB72F2A01CDDA54100384012 /* Bolts.framework */,
				CB40452A1CCAFBCE0015F74E /* FBSDKLoginKit.framework */,
				CB4045281CCAFBA70015F74E /* FBSDKCoreKit.framework */,
			);
			name = "Facebook Frameworks";
			sourceTree = "<group>";
		};
/* End PBXGroup section */

/* Begin PBXNativeTarget section */
		CB0BE5231CCAF248003C1E45 /* TravelBro */ = {
			isa = PBXNativeTarget;
			buildConfigurationList = CB0BE54C1CCAF248003C1E45 /* Build configuration list for PBXNativeTarget "TravelBro" */;
			buildPhases = (
				C117FF0C594D04D90A43ACD2 /* Check Pods Manifest.lock */,
				CB0BE5201CCAF248003C1E45 /* Sources */,
				CB0BE5211CCAF248003C1E45 /* Frameworks */,
				CB0BE5221CCAF248003C1E45 /* Resources */,
				05B2C4FA2FF5C5BE7592A65F /* Embed Pods Frameworks */,
				0D1AD1A53B3CDF574CE32689 /* Copy Pods Resources */,
			);
			buildRules = (
			);
			dependencies = (
			);
			name = TravelBro;
			productName = TravelBro;
			productReference = CB0BE5241CCAF248003C1E45 /* TravelBro.app */;
			productType = "com.apple.product-type.application";
		};
		CB0BE5371CCAF248003C1E45 /* TravelBroTests */ = {
			isa = PBXNativeTarget;
			buildConfigurationList = CB0BE54F1CCAF248003C1E45 /* Build configuration list for PBXNativeTarget "TravelBroTests" */;
			buildPhases = (
				CB0BE5341CCAF248003C1E45 /* Sources */,
				CB0BE5351CCAF248003C1E45 /* Frameworks */,
				CB0BE5361CCAF248003C1E45 /* Resources */,
			);
			buildRules = (
			);
			dependencies = (
				CB0BE53A1CCAF248003C1E45 /* PBXTargetDependency */,
			);
			name = TravelBroTests;
			productName = TravelBroTests;
			productReference = CB0BE5381CCAF248003C1E45 /* TravelBroTests.xctest */;
			productType = "com.apple.product-type.bundle.unit-test";
		};
		CB0BE5421CCAF248003C1E45 /* TravelBroUITests */ = {
			isa = PBXNativeTarget;
			buildConfigurationList = CB0BE5521CCAF248003C1E45 /* Build configuration list for PBXNativeTarget "TravelBroUITests" */;
			buildPhases = (
				856981176E2A8E5369AC3FB4 /* Check Pods Manifest.lock */,
				CB0BE53F1CCAF248003C1E45 /* Sources */,
				CB0BE5401CCAF248003C1E45 /* Frameworks */,
				CB0BE5411CCAF248003C1E45 /* Resources */,
				78C05D987A6FD4788DA501DC /* Copy Pods Resources */,
			);
			buildRules = (
			);
			dependencies = (
				CB0BE5451CCAF248003C1E45 /* PBXTargetDependency */,
			);
			name = TravelBroUITests;
			productName = TravelBroUITests;
			productReference = CB0BE5431CCAF248003C1E45 /* TravelBroUITests.xctest */;
			productType = "com.apple.product-type.bundle.ui-testing";
		};
/* End PBXNativeTarget section */

/* Begin PBXProject section */
		CB0BE51C1CCAF248003C1E45 /* Project object */ = {
			isa = PBXProject;
			attributes = {
				LastSwiftUpdateCheck = 0730;
				LastUpgradeCheck = 0730;
				ORGANIZATIONNAME = "Darshan Masti Prakash";
				TargetAttributes = {
					CB0BE5231CCAF248003C1E45 = {
						CreatedOnToolsVersion = 7.3;
					};
					CB0BE5371CCAF248003C1E45 = {
						CreatedOnToolsVersion = 7.3;
						DevelopmentTeam = R4WAP78ZC5;
						TestTargetID = CB0BE5231CCAF248003C1E45;
					};
					CB0BE5421CCAF248003C1E45 = {
						CreatedOnToolsVersion = 7.3;
						DevelopmentTeam = R4WAP78ZC5;
						TestTargetID = CB0BE5231CCAF248003C1E45;
					};
				};
			};
			buildConfigurationList = CB0BE51F1CCAF248003C1E45 /* Build configuration list for PBXProject "TravelBro" */;
			compatibilityVersion = "Xcode 3.2";
			developmentRegion = English;
			hasScannedForEncodings = 0;
			knownRegions = (
				en,
				Base,
			);
			mainGroup = CB0BE51B1CCAF248003C1E45;
			productRefGroup = CB0BE5251CCAF248003C1E45 /* Products */;
			projectDirPath = "";
			projectRoot = "";
			targets = (
				CB0BE5231CCAF248003C1E45 /* TravelBro */,
				CB0BE5371CCAF248003C1E45 /* TravelBroTests */,
				CB0BE5421CCAF248003C1E45 /* TravelBroUITests */,
			);
		};
/* End PBXProject section */

/* Begin PBXResourcesBuildPhase section */
		CB0BE5221CCAF248003C1E45 /* Resources */ = {
			isa = PBXResourcesBuildPhase;
			buildActionMask = 2147483647;
			files = (
				CB0BE5321CCAF248003C1E45 /* LaunchScreen.storyboard in Resources */,
				CB0BE52F1CCAF248003C1E45 /* Assets.xcassets in Resources */,
				CB0BE52D1CCAF248003C1E45 /* Main.storyboard in Resources */,
			);
			runOnlyForDeploymentPostprocessing = 0;
		};
		CB0BE5361CCAF248003C1E45 /* Resources */ = {
			isa = PBXResourcesBuildPhase;
			buildActionMask = 2147483647;
			files = (
			);
			runOnlyForDeploymentPostprocessing = 0;
		};
		CB0BE5411CCAF248003C1E45 /* Resources */ = {
			isa = PBXResourcesBuildPhase;
			buildActionMask = 2147483647;
			files = (
			);
			runOnlyForDeploymentPostprocessing = 0;
		};
/* End PBXResourcesBuildPhase section */

/* Begin PBXShellScriptBuildPhase section */
		05B2C4FA2FF5C5BE7592A65F /* Embed Pods Frameworks */ = {
			isa = PBXShellScriptBuildPhase;
			buildActionMask = 2147483647;
			files = (
			);
			inputPaths = (
			);
			name = "Embed Pods Frameworks";
			outputPaths = (
			);
			runOnlyForDeploymentPostprocessing = 0;
			shellPath = /bin/sh;
			shellScript = "\"${SRCROOT}/Pods/Target Support Files/Pods-TravelBro/Pods-TravelBro-frameworks.sh\"\n";
			showEnvVarsInLog = 0;
		};
		0D1AD1A53B3CDF574CE32689 /* Copy Pods Resources */ = {
			isa = PBXShellScriptBuildPhase;
			buildActionMask = 2147483647;
			files = (
			);
			inputPaths = (
			);
			name = "Copy Pods Resources";
			outputPaths = (
			);
			runOnlyForDeploymentPostprocessing = 0;
			shellPath = /bin/sh;
			shellScript = "\"${SRCROOT}/Pods/Target Support Files/Pods-TravelBro/Pods-TravelBro-resources.sh\"\n";
			showEnvVarsInLog = 0;
		};
		78C05D987A6FD4788DA501DC /* Copy Pods Resources */ = {
			isa = PBXShellScriptBuildPhase;
			buildActionMask = 2147483647;
			files = (
			);
			inputPaths = (
			);
			name = "Copy Pods Resources";
			outputPaths = (
			);
			runOnlyForDeploymentPostprocessing = 0;
			shellPath = /bin/sh;
			shellScript = "\"${SRCROOT}/Pods/Target Support Files/Pods-TravelBroUITests/Pods-TravelBroUITests-resources.sh\"\n";
			showEnvVarsInLog = 0;
		};
		856981176E2A8E5369AC3FB4 /* Check Pods Manifest.lock */ = {
			isa = PBXShellScriptBuildPhase;
			buildActionMask = 2147483647;
			files = (
			);
			inputPaths = (
			);
			name = "Check Pods Manifest.lock";
			outputPaths = (
			);
			runOnlyForDeploymentPostprocessing = 0;
			shellPath = /bin/sh;
			shellScript = "diff \"${PODS_ROOT}/../Podfile.lock\" \"${PODS_ROOT}/Manifest.lock\" > /dev/null\nif [[ $? != 0 ]] ; then\n    cat << EOM\nerror: The sandbox is not in sync with the Podfile.lock. Run 'pod install' or update your CocoaPods installation.\nEOM\n    exit 1\nfi\n";
			showEnvVarsInLog = 0;
		};
		C117FF0C594D04D90A43ACD2 /* Check Pods Manifest.lock */ = {
			isa = PBXShellScriptBuildPhase;
			buildActionMask = 2147483647;
			files = (
			);
			inputPaths = (
			);
			name = "Check Pods Manifest.lock";
			outputPaths = (
			);
			runOnlyForDeploymentPostprocessing = 0;
			shellPath = /bin/sh;
			shellScript = "diff \"${PODS_ROOT}/../Podfile.lock\" \"${PODS_ROOT}/Manifest.lock\" > /dev/null\nif [[ $? != 0 ]] ; then\n    cat << EOM\nerror: The sandbox is not in sync with the Podfile.lock. Run 'pod install' or update your CocoaPods installation.\nEOM\n    exit 1\nfi\n";
			showEnvVarsInLog = 0;
		};
/* End PBXShellScriptBuildPhase section */

/* Begin PBXSourcesBuildPhase section */
		CB0BE5201CCAF248003C1E45 /* Sources */ = {
			isa = PBXSourcesBuildPhase;
			buildActionMask = 2147483647;
			files = (
				CB32D8B51CDFFEBD007424A3 /* LocationController.swift in Sources */,
				CB32D8C91CE1614D007424A3 /* Guide.swift in Sources */,
				CB32D8C31CE15081007424A3 /* IndividualPinDisplayController.swift in Sources */,
				CB0BE52A1CCAF248003C1E45 /* ViewController.swift in Sources */,
				CB32D8CB1CE16262007424A3 /* RatingControl.swift in Sources */,
				CB32D8BB1CE0760D007424A3 /* SignUpController.swift in Sources */,
				CB32D8B71CE069E7007424A3 /* SearchAddController.swift in Sources */,
				CB32D8BD1CE07623007424A3 /* LoginController.swift in Sources */,
				CB0BE5281CCAF248003C1E45 /* AppDelegate.swift in Sources */,
				CB32D8B91CE075F0007424A3 /* HomeViewController.swift in Sources */,
				CB32D8CD1CE178A7007424A3 /* VisitPlaceController.swift in Sources */,
				CB32D8C51CE15AAC007424A3 /* GuideTableViewCell.swift in Sources */,
				CB32D8C71CE15E3A007424A3 /* TravelTableViewController.swift in Sources */,
				CB75C0051CE2D073004ECE84 /* LogoutController.swift in Sources */,
			);
			runOnlyForDeploymentPostprocessing = 0;
		};
		CB0BE5341CCAF248003C1E45 /* Sources */ = {
			isa = PBXSourcesBuildPhase;
			buildActionMask = 2147483647;
			files = (
				CB0BE53D1CCAF248003C1E45 /* TravelBroTests.swift in Sources */,
			);
			runOnlyForDeploymentPostprocessing = 0;
		};
		CB0BE53F1CCAF248003C1E45 /* Sources */ = {
			isa = PBXSourcesBuildPhase;
			buildActionMask = 2147483647;
			files = (
				CB0BE5481CCAF248003C1E45 /* TravelBroUITests.swift in Sources */,
			);
			runOnlyForDeploymentPostprocessing = 0;
		};
/* End PBXSourcesBuildPhase section */

/* Begin PBXTargetDependency section */
		CB0BE53A1CCAF248003C1E45 /* PBXTargetDependency */ = {
			isa = PBXTargetDependency;
			target = CB0BE5231CCAF248003C1E45 /* TravelBro */;
			targetProxy = CB0BE5391CCAF248003C1E45 /* PBXContainerItemProxy */;
		};
		CB0BE5451CCAF248003C1E45 /* PBXTargetDependency */ = {
			isa = PBXTargetDependency;
			target = CB0BE5231CCAF248003C1E45 /* TravelBro */;
			targetProxy = CB0BE5441CCAF248003C1E45 /* PBXContainerItemProxy */;
		};
/* End PBXTargetDependency section */

/* Begin PBXVariantGroup section */
		CB0BE52B1CCAF248003C1E45 /* Main.storyboard */ = {
			isa = PBXVariantGroup;
			children = (
				CB0BE52C1CCAF248003C1E45 /* Base */,
			);
			name = Main.storyboard;
			sourceTree = "<group>";
		};
		CB0BE5301CCAF248003C1E45 /* LaunchScreen.storyboard */ = {
			isa = PBXVariantGroup;
			children = (
				CB0BE5311CCAF248003C1E45 /* Base */,
			);
			name = LaunchScreen.storyboard;
			sourceTree = "<group>";
		};
/* End PBXVariantGroup section */

/* Begin XCBuildConfiguration section */
		CB0BE54A1CCAF248003C1E45 /* Debug */ = {
			isa = XCBuildConfiguration;
			buildSettings = {
				ALWAYS_SEARCH_USER_PATHS = NO;
				CLANG_ANALYZER_NONNULL = YES;
				CLANG_CXX_LANGUAGE_STANDARD = "gnu++0x";
				CLANG_CXX_LIBRARY = "libc++";
				CLANG_ENABLE_MODULES = YES;
				CLANG_ENABLE_OBJC_ARC = YES;
				CLANG_WARN_BOOL_CONVERSION = YES;
				CLANG_WARN_CONSTANT_CONVERSION = YES;
				CLANG_WARN_DIRECT_OBJC_ISA_USAGE = YES_ERROR;
				CLANG_WARN_EMPTY_BODY = YES;
				CLANG_WARN_ENUM_CONVERSION = YES;
				CLANG_WARN_INT_CONVERSION = YES;
				CLANG_WARN_OBJC_ROOT_CLASS = YES_ERROR;
				CLANG_WARN_UNREACHABLE_CODE = YES;
				CLANG_WARN__DUPLICATE_METHOD_MATCH = YES;
				"CODE_SIGN_IDENTITY[sdk=iphoneos*]" = "iPhone Developer";
				COPY_PHASE_STRIP = NO;
				DEBUG_INFORMATION_FORMAT = dwarf;
				ENABLE_STRICT_OBJC_MSGSEND = YES;
				ENABLE_TESTABILITY = YES;
				GCC_C_LANGUAGE_STANDARD = gnu99;
				GCC_DYNAMIC_NO_PIC = NO;
				GCC_NO_COMMON_BLOCKS = YES;
				GCC_OPTIMIZATION_LEVEL = 0;
				GCC_PREPROCESSOR_DEFINITIONS = (
					"DEBUG=1",
					"$(inherited)",
				);
				GCC_WARN_64_TO_32_BIT_CONVERSION = YES;
				GCC_WARN_ABOUT_RETURN_TYPE = YES_ERROR;
				GCC_WARN_UNDECLARED_SELECTOR = YES;
				GCC_WARN_UNINITIALIZED_AUTOS = YES_AGGRESSIVE;
				GCC_WARN_UNUSED_FUNCTION = YES;
				GCC_WARN_UNUSED_VARIABLE = YES;
				IPHONEOS_DEPLOYMENT_TARGET = 9.3;
				MTL_ENABLE_DEBUG_INFO = YES;
				ONLY_ACTIVE_ARCH = YES;
				SDKROOT = iphoneos;
				SWIFT_OPTIMIZATION_LEVEL = "-Onone";
				TARGETED_DEVICE_FAMILY = "1,2";
			};
			name = Debug;
		};
		CB0BE54B1CCAF248003C1E45 /* Release */ = {
			isa = XCBuildConfiguration;
			buildSettings = {
				ALWAYS_SEARCH_USER_PATHS = NO;
				CLANG_ANALYZER_NONNULL = YES;
				CLANG_CXX_LANGUAGE_STANDARD = "gnu++0x";
				CLANG_CXX_LIBRARY = "libc++";
				CLANG_ENABLE_MODULES = YES;
				CLANG_ENABLE_OBJC_ARC = YES;
				CLANG_WARN_BOOL_CONVERSION = YES;
				CLANG_WARN_CONSTANT_CONVERSION = YES;
				CLANG_WARN_DIRECT_OBJC_ISA_USAGE = YES_ERROR;
				CLANG_WARN_EMPTY_BODY = YES;
				CLANG_WARN_ENUM_CONVERSION = YES;
				CLANG_WARN_INT_CONVERSION = YES;
				CLANG_WARN_OBJC_ROOT_CLASS = YES_ERROR;
				CLANG_WARN_UNREACHABLE_CODE = YES;
				CLANG_WARN__DUPLICATE_METHOD_MATCH = YES;
				"CODE_SIGN_IDENTITY[sdk=iphoneos*]" = "iPhone Developer";
				COPY_PHASE_STRIP = NO;
				DEBUG_INFORMATION_FORMAT = "dwarf-with-dsym";
				ENABLE_NS_ASSERTIONS = NO;
				ENABLE_STRICT_OBJC_MSGSEND = YES;
				GCC_C_LANGUAGE_STANDARD = gnu99;
				GCC_NO_COMMON_BLOCKS = YES;
				GCC_WARN_64_TO_32_BIT_CONVERSION = YES;
				GCC_WARN_ABOUT_RETURN_TYPE = YES_ERROR;
				GCC_WARN_UNDECLARED_SELECTOR = YES;
				GCC_WARN_UNINITIALIZED_AUTOS = YES_AGGRESSIVE;
				GCC_WARN_UNUSED_FUNCTION = YES;
				GCC_WARN_UNUSED_VARIABLE = YES;
				IPHONEOS_DEPLOYMENT_TARGET = 9.3;
				MTL_ENABLE_DEBUG_INFO = NO;
				SDKROOT = iphoneos;
				TARGETED_DEVICE_FAMILY = "1,2";
				VALIDATE_PRODUCT = YES;
			};
			name = Release;
		};
		CB0BE54D1CCAF248003C1E45 /* Debug */ = {
			isa = XCBuildConfiguration;
			baseConfigurationReference = 257F1736163680D4ED736E05 /* Pods-TravelBro.debug.xcconfig */;
			buildSettings = {
				ASSETCATALOG_COMPILER_APPICON_NAME = AppIcon;
				CODE_SIGN_IDENTITY = "iPhone Developer";
				ENABLE_BITCODE = YES;
				FRAMEWORK_SEARCH_PATHS = (
					"$(inherited)",
					"$(PROJECT_DIR)",
					"$(PROJECT_DIR)/TravelBro",
					"$(PROJECT_DIR)/Pods/Firebase",
				);
				INFOPLIST_FILE = TravelBro/Info.plist;
				LD_RUNPATH_SEARCH_PATHS = "$(inherited) @executable_path/Frameworks";
				LIBRARY_SEARCH_PATHS = (
					"$(inherited)",
					"$(PROJECT_DIR)/TravelBro/Bolts.framework",
					"$(PROJECT_DIR)/TravelBro/FBSDKCoreKit.framework",
				);
				PRODUCT_BUNDLE_IDENTIFIER = TravelApp.TravelBro;
				PRODUCT_NAME = "$(TARGET_NAME)";
				SWIFT_OBJC_BRIDGING_HEADER = "TravelBro/Bridging-Header.h";
				TARGETED_DEVICE_FAMILY = 1;
			};
			name = Debug;
		};
		CB0BE54E1CCAF248003C1E45 /* Release */ = {
			isa = XCBuildConfiguration;
			baseConfigurationReference = 77EDC9A3DB67977765374314 /* Pods-TravelBro.release.xcconfig */;
			buildSettings = {
				ASSETCATALOG_COMPILER_APPICON_NAME = AppIcon;
				CODE_SIGN_IDENTITY = "iPhone Developer";
				ENABLE_BITCODE = YES;
				FRAMEWORK_SEARCH_PATHS = (
					"$(inherited)",
					"$(PROJECT_DIR)",
					"$(PROJECT_DIR)/TravelBro",
					"$(PROJECT_DIR)/Pods/Firebase",
				);
				INFOPLIST_FILE = TravelBro/Info.plist;
				LD_RUNPATH_SEARCH_PATHS = "$(inherited) @executable_path/Frameworks";
				LIBRARY_SEARCH_PATHS = (
					"$(inherited)",
					"$(PROJECT_DIR)/TravelBro/Bolts.framework",
					"$(PROJECT_DIR)/TravelBro/FBSDKCoreKit.framework",
				);
				PRODUCT_BUNDLE_IDENTIFIER = TravelApp.TravelBro;
				PRODUCT_NAME = "$(TARGET_NAME)";
				SWIFT_OBJC_BRIDGING_HEADER = "TravelBro/Bridging-Header.h";
				TARGETED_DEVICE_FAMILY = 1;
			};
			name = Release;
		};
		CB0BE5501CCAF248003C1E45 /* Debug */ = {
			isa = XCBuildConfiguration;
			buildSettings = {
				BUNDLE_LOADER = "$(TEST_HOST)";
				INFOPLIST_FILE = TravelBroTests/Info.plist;
				LD_RUNPATH_SEARCH_PATHS = "$(inherited) @executable_path/Frameworks @loader_path/Frameworks";
				PRODUCT_BUNDLE_IDENTIFIER = TravelApp.TravelBroTests;
				PRODUCT_NAME = "$(TARGET_NAME)";
				TEST_HOST = "$(BUILT_PRODUCTS_DIR)/TravelBro.app/TravelBro";
			};
			name = Debug;
		};
		CB0BE5511CCAF248003C1E45 /* Release */ = {
			isa = XCBuildConfiguration;
			buildSettings = {
				BUNDLE_LOADER = "$(TEST_HOST)";
				INFOPLIST_FILE = TravelBroTests/Info.plist;
				LD_RUNPATH_SEARCH_PATHS = "$(inherited) @executable_path/Frameworks @loader_path/Frameworks";
				PRODUCT_BUNDLE_IDENTIFIER = TravelApp.TravelBroTests;
				PRODUCT_NAME = "$(TARGET_NAME)";
				TEST_HOST = "$(BUILT_PRODUCTS_DIR)/TravelBro.app/TravelBro";
			};
			name = Release;
		};
		CB0BE5531CCAF248003C1E45 /* Debug */ = {
			isa = XCBuildConfiguration;
			buildSettings = {
				INFOPLIST_FILE = TravelBroUITests/Info.plist;
				LD_RUNPATH_SEARCH_PATHS = "$(inherited) @executable_path/Frameworks @loader_path/Frameworks";
				PRODUCT_BUNDLE_IDENTIFIER = TravelApp.TravelBroUITests;
				PRODUCT_NAME = "$(TARGET_NAME)";
				TEST_TARGET_NAME = TravelBro;
			};
			name = Debug;
		};
		CB0BE5541CCAF248003C1E45 /* Release */ = {
			isa = XCBuildConfiguration;
			buildSettings = {
				INFOPLIST_FILE = TravelBroUITests/Info.plist;
				LD_RUNPATH_SEARCH_PATHS = "$(inherited) @executable_path/Frameworks @loader_path/Frameworks";
				PRODUCT_BUNDLE_IDENTIFIER = TravelApp.TravelBroUITests;
				PRODUCT_NAME = "$(TARGET_NAME)";
				TEST_TARGET_NAME = TravelBro;
			};
			name = Release;
		};
/* End XCBuildConfiguration section */

/* Begin XCConfigurationList section */
		CB0BE51F1CCAF248003C1E45 /* Build configuration list for PBXProject "TravelBro" */ = {
			isa = XCConfigurationList;
			buildConfigurations = (
				CB0BE54A1CCAF248003C1E45 /* Debug */,
				CB0BE54B1CCAF248003C1E45 /* Release */,
			);
			defaultConfigurationIsVisible = 0;
			defaultConfigurationName = Release;
		};
		CB0BE54C1CCAF248003C1E45 /* Build configuration list for PBXNativeTarget "TravelBro" */ = {
			isa = XCConfigurationList;
			buildConfigurations = (
				CB0BE54D1CCAF248003C1E45 /* Debug */,
				CB0BE54E1CCAF248003C1E45 /* Release */,
			);
			defaultConfigurationIsVisible = 0;
			defaultConfigurationName = Release;
		};
		CB0BE54F1CCAF248003C1E45 /* Build configuration list for PBXNativeTarget "TravelBroTests" */ = {
			isa = XCConfigurationList;
			buildConfigurations = (
				CB0BE5501CCAF248003C1E45 /* Debug */,
				CB0BE5511CCAF248003C1E45 /* Release */,
			);
			defaultConfigurationIsVisible = 0;
			defaultConfigurationName = Release;
		};
		CB0BE5521CCAF248003C1E45 /* Build configuration list for PBXNativeTarget "TravelBroUITests" */ = {
			isa = XCConfigurationList;
			buildConfigurations = (
				CB0BE5531CCAF248003C1E45 /* Debug */,
				CB0BE5541CCAF248003C1E45 /* Release */,
			);
			defaultConfigurationIsVisible = 0;
			defaultConfigurationName = Release;
		};
/* End XCConfigurationList section */
	};
	rootObject = CB0BE51C1CCAF248003C1E45 /* Project object */;
}
